
Microsoft Visual Studio Solution File, Format Version 12.00
# Visual Studio Version 16
VisualStudioVersion = 16.0.31112.23
MinimumVisualStudioVersion = 10.0.40219.1
Project("{FAE04EC0-301F-11D3-BF4B-00C04F79EFBC}") = "WPF Application", "WPF Application\WPF Application.csproj", "{27C174A3-46BF-4CDA-9F17-9544C7F32A2B}"
EndProject
Global
	GlobalSection(SolutionConfigurationPlatforms) = preSolution
		Debug|Any CPU = Debug|Any CPU
		Release|Any CPU = Release|Any CPU
	EndGlobalSection
	GlobalSection(ProjectConfigurationPlatforms) = postSolution
		{27C174A3-46BF-4CDA-9F17-9544C7F32A2B}.Debug|Any CPU.ActiveCfg = Debug|Any CPU
		{27C174A3-46BF-4CDA-9F17-9544C7F32A2B}.Debug|Any CPU.Build.0 = Debug|Any CPU
		{27C174A3-46BF-4CDA-9F17-9544C7F32A2B}.Release|Any CPU.ActiveCfg = Release|Any CPU
		{27C174A3-46BF-4CDA-9F17-9544C7F32A2B}.Release|Any CPU.Build.0 = Release|Any CPU
	EndGlobalSection
	GlobalSection(SolutionProperties) = preSolution
		HideSolutionNode = FALSE
	EndGlobalSection
	GlobalSection(ExtensibilityGlobals) = postSolution
		SolutionGuid = {C06C6D82-D5B4-45AF-89A3-6E296C84C9B5}
	EndGlobalSection
EndGlobal
